{
  "nodes": {
    "community-modules": {
      "locked": {
        "lastModified": 1786089679,
        "narHash": "sha256-3Tg+d2GUyCn6GFFIaKpo0KPFQ+N+uWtNSoj8b7peIkY=",
        "owner": "finix-community",
        "repo": "community-modules",
        "rev": "719706531cc2086dd5710c6a23bad8163a553b03",
        "type": "github"
      },
      "original": {
        "owner": "finix-community",
        "repo": "community-modules",
        "type": "github"
      }
    },
    "finix": {
      "locked": {
        "lastModified": 1785375625,
        "narHash": "sha256-9iIBl0qEcPjyOXxHMejI/0VmVPBZYcqlc11ScCLPRTs=",
        "owner": "finix-community",
        "repo": "finix",
        "rev": "ad00a68b30faaee981bce7d82ecfe76adb00cee7",
        "type": "github"
      },
      "original": {
        "owner": "finix-community",
        "ref": "main",
        "repo": "finix",
        "type": "github"
      }
    },
    "nixpkgs": {
      "locked": {
        "lastModified": 1785318670,
        "narHash": "sha256-dN6Ou5x/+23FZLEpYP3IffO+NyJFzUlGumt1uu3MMaY=",
        "owner": "nixos",
        "repo": "nixpkgs",
        "rev": "0954f7ee2f6bb3dc7d4e3d0d8bcb8fd4bde4cfc5",
        "type": "github"
      },
      "original": {
        "owner": "nixos",
        "ref": "nixos-unstable",
        "repo": "nixpkgs",
        "type": "github"
      }
    },
    "root": {
      "inputs": {
        "community-modules": "community-modules",
        "finix": "finix",
        "nixpkgs": "nixpkgs"
      }
    }
  },
  "root": "root",
  "version": 7
}
